// !$*UTF8*$!
{
	archiveVersion = 1;
	classes = {
	};
	objectVersion = 46;
	objects = {

/* Begin PBXBuildFile section */
		3875701D1608991F002D0CD0 /* placeholder.png in Resources */ = {isa = PBXBuildFile; fileRef = 3875701C1608991F002D0CD0 /* placeholder.png */; };
		387570291608A22F002D0CD0 /* libxml2.dylib in Frameworks */ = {isa = PBXBuildFile; fileRef = 387570281608A22F002D0CD0 /* libxml2.dylib */; };
		387F50AD16078692004746E4 /* MKAnnotationView+WebCache.m in Sources */ = {isa = PBXBuildFile; fileRef = 387F509A16078692004746E4 /* MKAnnotationView+WebCache.m */; };
		387F50AE16078692004746E4 /* SDImageCache.m in Sources */ = {isa = PBXBuildFile; fileRef = 387F509C16078692004746E4 /* SDImageCache.m */; };
		387F50AF16078692004746E4 /* SDWebImageDecoder.m in Sources */ = {isa = PBXBuildFile; fileRef = 387F50A016078692004746E4 /* SDWebImageDecoder.m */; };
		387F50B016078692004746E4 /* SDWebImageDownloader.m in Sources */ = {isa = PBXBuildFile; fileRef = 387F50A216078692004746E4 /* SDWebImageDownloader.m */; };
		387F50B116078692004746E4 /* SDWebImageManager.m in Sources */ = {isa = PBXBuildFile; fileRef = 387F50A516078692004746E4 /* SDWebImageManager.m */; };
		387F50B216078692004746E4 /* SDWebImagePrefetcher.m in Sources */ = {isa = PBXBuildFile; fileRef = 387F50A816078692004746E4 /* SDWebImagePrefetcher.m */; };
		387F50B316078692004746E4 /* UIButton+WebCache.m in Sources */ = {isa = PBXBuildFile; fileRef = 387F50AA16078692004746E4 /* UIButton+WebCache.m */; };
		387F50B416078692004746E4 /* UIImageView+WebCache.m in Sources */ = {isa = PBXBuildFile; fileRef = 387F50AC16078692004746E4 /* UIImageView+WebCache.m */; };
		387F50C116078736004746E4 /* ImageIO.framework in Frameworks */ = {isa = PBXBuildFile; fileRef = 387F50C016078736004746E4 /* ImageIO.framework */; };
		387F50C316078767004746E4 /* MapKit.framework in Frameworks */ = {isa = PBXBuildFile; fileRef = 387F50C216078767004746E4 /* MapKit.framework */; };
		387F50E11607A1A8004746E4 /* ODRefreshControl.m in Sources */ = {isa = PBXBuildFile; fileRef = 387F50E01607A1A8004746E4 /* ODRefreshControl.m */; settings = {COMPILER_FLAGS = "-fno-objc-arc"; }; };
		387F50E31607A1F0004746E4 /* QuartzCore.framework in Frameworks */ = {isa = PBXBuildFile; fileRef = 387F50E21607A1F0004746E4 /* QuartzCore.framework */; };
		38CEA017160A5C5A00E9C793 /* MBProgressHUD.m in Sources */ = {isa = PBXBuildFile; fileRef = 38CEA016160A5C5A00E9C793 /* MBProgressHUD.m */; };
		38DD131F16071515001F600C /* UIKit.framework in Frameworks */ = {isa = PBXBuildFile; fileRef = 38DD131E16071515001F600C /* UIKit.framework */; };
		38DD132116071515001F600C /* Foundation.framework in Frameworks */ = {isa = PBXBuildFile; fileRef = 38DD132016071515001F600C /* Foundation.framework */; };
		38DD132316071515001F600C /* CoreGraphics.framework in Frameworks */ = {isa = PBXBuildFile; fileRef = 38DD132216071515001F600C /* CoreGraphics.framework */; };
		38DD132916071515001F600C /* InfoPlist.strings in Resources */ = {isa = PBXBuildFile; fileRef = 38DD132716071515001F600C /* InfoPlist.strings */; };
		38DD132B16071515001F600C /* main.m in Sources */ = {isa = PBXBuildFile; fileRef = 38DD132A16071515001F600C /* main.m */; };
		38DD132F16071515001F600C /* AppDelegate.m in Sources */ = {isa = PBXBuildFile; fileRef = 38DD132E16071515001F600C /* AppDelegate.m */; };
		38DD133D16071516001F600C /* SenTestingKit.framework in Frameworks */ = {isa = PBXBuildFile; fileRef = 38DD133C16071516001F600C /* SenTestingKit.framework */; };
		38DD133E16071516001F600C /* UIKit.framework in Frameworks */ = {isa = PBXBuildFile; fileRef = 38DD131E16071515001F600C /* UIKit.framework */; };
		38DD133F16071516001F600C /* Foundation.framework in Frameworks */ = {isa = PBXBuildFile; fileRef = 38DD132016071515001F600C /* Foundation.framework */; };
		38DD134716071516001F600C /* InfoPlist.strings in Resources */ = {isa = PBXBuildFile; fileRef = 38DD134516071516001F600C /* InfoPlist.strings */; };
		38DD134A16071516001F600C /* AFFeedsReaderTests.m in Sources */ = {isa = PBXBuildFile; fileRef = 38DD134916071516001F600C /* AFFeedsReaderTests.m */; };
		38DD135916071582001F600C /* MainVC.m in Sources */ = {isa = PBXBuildFile; fileRef = 38DD135816071582001F600C /* MainVC.m */; };
		38DD136016071680001F600C /* KMXMLParser.m in Sources */ = {isa = PBXBuildFile; fileRef = 38DD135F16071680001F600C /* KMXMLParser.m */; };
		38DD136316071705001F600C /* ReaderVC.m in Sources */ = {isa = PBXBuildFile; fileRef = 38DD136216071705001F600C /* ReaderVC.m */; };
		6B229B211623EAD70070CE8F /* HTMLNode.m in Sources */ = {isa = PBXBuildFile; fileRef = 6B229B1E1623EAD70070CE8F /* HTMLNode.m */; settings = {COMPILER_FLAGS = "-fno-objc-arc"; }; };
		6B229B221623EAD70070CE8F /* HTMLParser.m in Sources */ = {isa = PBXBuildFile; fileRef = 6B229B201623EAD70070CE8F /* HTMLParser.m */; settings = {COMPILER_FLAGS = "-fno-objc-arc"; }; };
/* End PBXBuildFile section */

/* Begin PBXContainerItemProxy section */
		38DD134016071516001F600C /* PBXContainerItemProxy */ = {
			isa = PBXContainerItemProxy;
			containerPortal = 38DD131116071515001F600C /* Project object */;
			proxyType = 1;
			remoteGlobalIDString = 38DD131916071515001F600C;
			remoteInfo = AFFeedsReader;
		};
/* End PBXContainerItemProxy section */

/* Begin PBXFileReference section */
		3875701C1608991F002D0CD0 /* placeholder.png */ = {isa = PBXFileReference; lastKnownFileType = image.png; path = placeholder.png; sourceTree = "<group>"; };
		387570281608A22F002D0CD0 /* libxml2.dylib */ = {isa = PBXFileReference; lastKnownFileType = "compiled.mach-o.dylib"; name = libxml2.dylib; path = usr/lib/libxml2.dylib; sourceTree = SDKROOT; };
		387F509916078692004746E4 /* MKAnnotationView+WebCache.h */ = {isa = PBXFileReference; fileEncoding = 4; lastKnownFileType = sourcecode.c.h; path = "MKAnnotationView+WebCache.h"; sourceTree = "<group>"; };
		387F509A16078692004746E4 /* MKAnnotationView+WebCache.m */ = {isa = PBXFileReference; fileEncoding = 4; lastKnownFileType = sourcecode.c.objc; path = "MKAnnotationView+WebCache.m"; sourceTree = "<group>"; };
		387F509B16078692004746E4 /* SDImageCache.h */ = {isa = PBXFileReference; fileEncoding = 4; lastKnownFileType = sourcecode.c.h; path = SDImageCache.h; sourceTree = "<group>"; };
		387F509C16078692004746E4 /* SDImageCache.m */ = {isa = PBXFileReference; fileEncoding = 4; lastKnownFileType = sourcecode.c.objc; path = SDImageCache.m; sourceTree = "<group>"; };
		387F509D16078692004746E4 /* SDImageCacheDelegate.h */ = {isa = PBXFileReference; fileEncoding = 4; lastKnownFileType = sourcecode.c.h; path = SDImageCacheDelegate.h; sourceTree = "<group>"; };
		387F509E16078692004746E4 /* SDWebImageCompat.h */ = {isa = PBXFileReference; fileEncoding = 4; lastKnownFileType = sourcecode.c.h; path = SDWebImageCompat.h; sourceTree = "<group>"; };
		387F509F16078692004746E4 /* SDWebImageDecoder.h */ = {isa = PBXFileReference; fileEncoding = 4; lastKnownFileType = sourcecode.c.h; path = SDWebImageDecoder.h; sourceTree = "<group>"; };
		387F50A016078692004746E4 /* SDWebImageDecoder.m */ = {isa = PBXFileReference; fileEncoding = 4; lastKnownFileType = sourcecode.c.objc; path = SDWebImageDecoder.m; sourceTree = "<group>"; };
		387F50A116078692004746E4 /* SDWebImageDownloader.h */ = {isa = PBXFileReference; fileEncoding = 4; lastKnownFileType = sourcecode.c.h; path = SDWebImageDownloader.h; sourceTree = "<group>"; };
		387F50A216078692004746E4 /* SDWebImageDownloader.m */ = {isa = PBXFileReference; fileEncoding = 4; lastKnownFileType = sourcecode.c.objc; path = SDWebImageDownloader.m; sourceTree = "<group>"; };
		387F50A316078692004746E4 /* SDWebImageDownloaderDelegate.h */ = {isa = PBXFileReference; fileEncoding = 4; lastKnownFileType = sourcecode.c.h; path = SDWebImageDownloaderDelegate.h; sourceTree = "<group>"; };
		387F50A416078692004746E4 /* SDWebImageManager.h */ = {isa = PBXFileReference; fileEncoding = 4; lastKnownFileType = sourcecode.c.h; path = SDWebImageManager.h; sourceTree = "<group>"; };
		387F50A516078692004746E4 /* SDWebImageManager.m */ = {isa = PBXFileReference; fileEncoding = 4; lastKnownFileType = sourcecode.c.objc; path = SDWebImageManager.m; sourceTree = "<group>"; };
		387F50A616078692004746E4 /* SDWebImageManagerDelegate.h */ = {isa = PBXFileReference; fileEncoding = 4; lastKnownFileType = sourcecode.c.h; path = SDWebImageManagerDelegate.h; sourceTree = "<group>"; };
		387F50A716078692004746E4 /* SDWebImagePrefetcher.h */ = {isa = PBXFileReference; fileEncoding = 4; lastKnownFileType = sourcecode.c.h; path = SDWebImagePrefetcher.h; sourceTree = "<group>"; };
		387F50A816078692004746E4 /* SDWebImagePrefetcher.m */ = {isa = PBXFileReference; fileEncoding = 4; lastKnownFileType = sourcecode.c.objc; path = SDWebImagePrefetcher.m; sourceTree = "<group>"; };
		387F50A916078692004746E4 /* UIButton+WebCache.h */ = {isa = PBXFileReference; fileEncoding = 4; lastKnownFileType = sourcecode.c.h; path = "UIButton+WebCache.h"; sourceTree = "<group>"; };
		387F50AA16078692004746E4 /* UIButton+WebCache.m */ = {isa = PBXFileReference; fileEncoding = 4; lastKnownFileType = sourcecode.c.objc; path = "UIButton+WebCache.m"; sourceTree = "<group>"; };
		387F50AB16078692004746E4 /* UIImageView+WebCache.h */ = {isa = PBXFileReference; fileEncoding = 4; lastKnownFileType = sourcecode.c.h; path = "UIImageView+WebCache.h"; sourceTree = "<group>"; };
		387F50AC16078692004746E4 /* UIImageView+WebCache.m */ = {isa = PBXFileReference; fileEncoding = 4; lastKnownFileType = sourcecode.c.objc; path = "UIImageView+WebCache.m"; sourceTree = "<group>"; };
		387F50C016078736004746E4 /* ImageIO.framework */ = {isa = PBXFileReference; lastKnownFileType = wrapper.framework; name = ImageIO.framework; path = System/Library/Frameworks/ImageIO.framework; sourceTree = SDKROOT; };
		387F50C216078767004746E4 /* MapKit.framework */ = {isa = PBXFileReference; lastKnownFileType = wrapper.framework; name = MapKit.framework; path = System/Library/Frameworks/MapKit.framework; sourceTree = SDKROOT; };
		387F50DF1607A1A8004746E4 /* ODRefreshControl.h */ = {isa = PBXFileReference; fileEncoding = 4; lastKnownFileType = sourcecode.c.h; path = ODRefreshControl.h; sourceTree = "<group>"; };
		387F50E01607A1A8004746E4 /* ODRefreshControl.m */ = {isa = PBXFileReference; fileEncoding = 4; lastKnownFileType = sourcecode.c.objc; path = ODRefreshControl.m; sourceTree = "<group>"; };
		387F50E21607A1F0004746E4 /* QuartzCore.framework */ = {isa = PBXFileReference; lastKnownFileType = wrapper.framework; name = QuartzCore.framework; path = System/Library/Frameworks/QuartzCore.framework; sourceTree = SDKROOT; };
		38CEA015160A5C5900E9C793 /* MBProgressHUD.h */ = {isa = PBXFileReference; fileEncoding = 4; lastKnownFileType = sourcecode.c.h; path = MBProgressHUD.h; sourceTree = "<group>"; };
		38CEA016160A5C5A00E9C793 /* MBProgressHUD.m */ = {isa = PBXFileReference; fileEncoding = 4; lastKnownFileType = sourcecode.c.objc; path = MBProgressHUD.m; sourceTree = "<group>"; };
		38DD131A16071515001F600C /* AFFeedsReader.app */ = {isa = PBXFileReference; explicitFileType = wrapper.application; includeInIndex = 0; path = AFFeedsReader.app; sourceTree = BUILT_PRODUCTS_DIR; };
		38DD131E16071515001F600C /* UIKit.framework */ = {isa = PBXFileReference; lastKnownFileType = wrapper.framework; name = UIKit.framework; path = System/Library/Frameworks/UIKit.framework; sourceTree = SDKROOT; };
		38DD132016071515001F600C /* Foundation.framework */ = {isa = PBXFileReference; lastKnownFileType = wrapper.framework; name = Foundation.framework; path = System/Library/Frameworks/Foundation.framework; sourceTree = SDKROOT; };
		38DD132216071515001F600C /* CoreGraphics.framework */ = {isa = PBXFileReference; lastKnownFileType = wrapper.framework; name = CoreGraphics.framework; path = System/Library/Frameworks/CoreGraphics.framework; sourceTree = SDKROOT; };
		38DD132616071515001F600C /* AFFeedsReader-Info.plist */ = {isa = PBXFileReference; lastKnownFileType = text.plist.xml; path = "AFFeedsReader-Info.plist"; sourceTree = "<group>"; };
		38DD132816071515001F600C /* en */ = {isa = PBXFileReference; lastKnownFileType = text.plist.strings; name = en; path = en.lproj/InfoPlist.strings; sourceTree = "<group>"; };
		38DD132A16071515001F600C /* main.m */ = {isa = PBXFileReference; lastKnownFileType = sourcecode.c.objc; path = main.m; sourceTree = "<group>"; };
		38DD132C16071515001F600C /* AFFeedsReader-Prefix.pch */ = {isa = PBXFileReference; lastKnownFileType = sourcecode.c.h; path = "AFFeedsReader-Prefix.pch"; sourceTree = "<group>"; };
		38DD132D16071515001F600C /* AppDelegate.h */ = {isa = PBXFileReference; lastKnownFileType = sourcecode.c.h; path = AppDelegate.h; sourceTree = "<group>"; };
		38DD132E16071515001F600C /* AppDelegate.m */ = {isa = PBXFileReference; lastKnownFileType = sourcecode.c.objc; path = AppDelegate.m; sourceTree = "<group>"; };
		38DD133B16071516001F600C /* AFFeedsReaderTests.octest */ = {isa = PBXFileReference; explicitFileType = wrapper.cfbundle; includeInIndex = 0; path = AFFeedsReaderTests.octest; sourceTree = BUILT_PRODUCTS_DIR; };
		38DD133C16071516001F600C /* SenTestingKit.framework */ = {isa = PBXFileReference; lastKnownFileType = wrapper.framework; name = SenTestingKit.framework; path = Library/Frameworks/SenTestingKit.framework; sourceTree = DEVELOPER_DIR; };
		38DD134416071516001F600C /* AFFeedsReaderTests-Info.plist */ = {isa = PBXFileReference; lastKnownFileType = text.plist.xml; path = "AFFeedsReaderTests-Info.plist"; sourceTree = "<group>"; };
		38DD134616071516001F600C /* en */ = {isa = PBXFileReference; lastKnownFileType = text.plist.strings; name = en; path = en.lproj/InfoPlist.strings; sourceTree = "<group>"; };
		38DD134816071516001F600C /* AFFeedsReaderTests.h */ = {isa = PBXFileReference; lastKnownFileType = sourcecode.c.h; path = AFFeedsReaderTests.h; sourceTree = "<group>"; };
		38DD134916071516001F600C /* AFFeedsReaderTests.m */ = {isa = PBXFileReference; lastKnownFileType = sourcecode.c.objc; path = AFFeedsReaderTests.m; sourceTree = "<group>"; };
		38DD135716071582001F600C /* MainVC.h */ = {isa = PBXFileReference; fileEncoding = 4; lastKnownFileType = sourcecode.c.h; path = MainVC.h; sourceTree = "<group>"; };
		38DD135816071582001F600C /* MainVC.m */ = {isa = PBXFileReference; fileEncoding = 4; lastKnownFileType = sourcecode.c.objc; path = MainVC.m; sourceTree = "<group>"; };
		38DD135E16071680001F600C /* KMXMLParser.h */ = {isa = PBXFileReference; fileEncoding = 4; lastKnownFileType = sourcecode.c.h; path = KMXMLParser.h; sourceTree = "<group>"; };
		38DD135F16071680001F600C /* KMXMLParser.m */ = {isa = PBXFileReference; fileEncoding = 4; lastKnownFileType = sourcecode.c.objc; path = KMXMLParser.m; sourceTree = "<group>"; };
		38DD136116071705001F600C /* ReaderVC.h */ = {isa = PBXFileReference; fileEncoding = 4; lastKnownFileType = sourcecode.c.h; path = ReaderVC.h; sourceTree = "<group>"; };
		38DD136216071705001F600C /* ReaderVC.m */ = {isa = PBXFileReference; fileEncoding = 4; lastKnownFileType = sourcecode.c.objc; path = ReaderVC.m; sourceTree = "<group>"; };
		6B229B1D1623EAD70070CE8F /* HTMLNode.h */ = {isa = PBXFileReference; fileEncoding = 4; lastKnownFileType = sourcecode.c.h; path = HTMLNode.h; sourceTree = "<group>"; };
		6B229B1E1623EAD70070CE8F /* HTMLNode.m */ = {isa = PBXFileReference; fileEncoding = 4; lastKnownFileType = sourcecode.c.objc; path = HTMLNode.m; sourceTree = "<group>"; };
		6B229B1F1623EAD70070CE8F /* HTMLParser.h */ = {isa = PBXFileReference; fileEncoding = 4; lastKnownFileType = sourcecode.c.h; path = HTMLParser.h; sourceTree = "<group>"; };
		6B229B201623EAD70070CE8F /* HTMLParser.m */ = {isa = PBXFileReference; fileEncoding = 4; lastKnownFileType = sourcecode.c.objc; path = HTMLParser.m; sourceTree = "<group>"; };
/* End PBXFileReference section */

/* Begin PBXFrameworksBuildPhase section */
		38DD131716071515001F600C /* Frameworks */ = {
			isa = PBXFrameworksBuildPhase;
			buildActionMask = 2147483647;
			files = (
				387570291608A22F002D0CD0 /* libxml2.dylib in Frameworks */,
				387F50E31607A1F0004746E4 /* QuartzCore.framework in Frameworks */,
				387F50C316078767004746E4 /* MapKit.framework in Frameworks */,
				387F50C116078736004746E4 /* ImageIO.framework in Frameworks */,
				38DD131F16071515001F600C /* UIKit.framework in Frameworks */,
				38DD132116071515001F600C /* Foundation.framework in Frameworks */,
				38DD132316071515001F600C /* CoreGraphics.framework in Frameworks */,
			);
			runOnlyForDeploymentPostprocessing = 0;
		};
		38DD133716071516001F600C /* Frameworks */ = {
			isa = PBXFrameworksBuildPhase;
			buildActionMask = 2147483647;
			files = (
				38DD133D16071516001F600C /* SenTestingKit.framework in Frameworks */,
				38DD133E16071516001F600C /* UIKit.framework in Frameworks */,
				38DD133F16071516001F600C /* Foundation.framework in Frameworks */,
			);
			runOnlyForDeploymentPostprocessing = 0;
		};
/* End PBXFrameworksBuildPhase section */

/* Begin PBXGroup section */
		387F509816078692004746E4 /* SDWebImage */ = {
			isa = PBXGroup;
			children = (
				387F509916078692004746E4 /* MKAnnotationView+WebCache.h */,
				387F509A16078692004746E4 /* MKAnnotationView+WebCache.m */,
				387F509B16078692004746E4 /* SDImageCache.h */,
				387F509C16078692004746E4 /* SDImageCache.m */,
				387F509D16078692004746E4 /* SDImageCacheDelegate.h */,
				387F509E16078692004746E4 /* SDWebImageCompat.h */,
				387F509F16078692004746E4 /* SDWebImageDecoder.h */,
				387F50A016078692004746E4 /* SDWebImageDecoder.m */,
				387F50A116078692004746E4 /* SDWebImageDownloader.h */,
				387F50A216078692004746E4 /* SDWebImageDownloader.m */,
				387F50A316078692004746E4 /* SDWebImageDownloaderDelegate.h */,
				387F50A416078692004746E4 /* SDWebImageManager.h */,
				387F50A516078692004746E4 /* SDWebImageManager.m */,
				387F50A616078692004746E4 /* SDWebImageManagerDelegate.h */,
				387F50A716078692004746E4 /* SDWebImagePrefetcher.h */,
				387F50A816078692004746E4 /* SDWebImagePrefetcher.m */,
				387F50A916078692004746E4 /* UIButton+WebCache.h */,
				387F50AA16078692004746E4 /* UIButton+WebCache.m */,
				387F50AB16078692004746E4 /* UIImageView+WebCache.h */,
				387F50AC16078692004746E4 /* UIImageView+WebCache.m */,
			);
			name = SDWebImage;
			path = ../SDWebImage;
			sourceTree = "<group>";
		};
		387F50DE1607A1A8004746E4 /* ODRefreshControl */ = {
			isa = PBXGroup;
			children = (
				387F50DF1607A1A8004746E4 /* ODRefreshControl.h */,
				387F50E01607A1A8004746E4 /* ODRefreshControl.m */,
			);
			path = ODRefreshControl;
			sourceTree = "<group>";
		};
		38DD130F16071515001F600C = {
			isa = PBXGroup;
			children = (
				387570281608A22F002D0CD0 /* libxml2.dylib */,
				387F50E21607A1F0004746E4 /* QuartzCore.framework */,
				387F50C216078767004746E4 /* MapKit.framework */,
				387F50C016078736004746E4 /* ImageIO.framework */,
				38DD132416071515001F600C /* AFFeedsReader */,
				38DD134216071516001F600C /* AFFeedsReaderTests */,
				38DD131D16071515001F600C /* Frameworks */,
				38DD131B16071515001F600C /* Products */,
			);
			sourceTree = "<group>";
		};
		38DD131B16071515001F600C /* Products */ = {
			isa = PBXGroup;
			children = (
				38DD131A16071515001F600C /* AFFeedsReader.app */,
				38DD133B16071516001F600C /* AFFeedsReaderTests.octest */,
			);
			name = Products;
			sourceTree = "<group>";
		};
		38DD131D16071515001F600C /* Frameworks */ = {
			isa = PBXGroup;
			children = (
				38DD131E16071515001F600C /* UIKit.framework */,
				38DD132016071515001F600C /* Foundation.framework */,
				38DD132216071515001F600C /* CoreGraphics.framework */,
				38DD133C16071516001F600C /* SenTestingKit.framework */,
			);
			name = Frameworks;
			sourceTree = "<group>";
		};
		38DD132416071515001F600C /* AFFeedsReader */ = {
			isa = PBXGroup;
			children = (
				6B229B231623EAD90070CE8F /* HTMLParsing */,
				38DD132D16071515001F600C /* AppDelegate.h */,
				38DD132E16071515001F600C /* AppDelegate.m */,
				38DD135E16071680001F600C /* KMXMLParser.h */,
				38DD135F16071680001F600C /* KMXMLParser.m */,
				38DD135716071582001F600C /* MainVC.h */,
				38DD135816071582001F600C /* MainVC.m */,
				38DD136116071705001F600C /* ReaderVC.h */,
				38DD136216071705001F600C /* ReaderVC.m */,
				38CEA015160A5C5900E9C793 /* MBProgressHUD.h */,
				38CEA016160A5C5A00E9C793 /* MBProgressHUD.m */,
				387F509816078692004746E4 /* SDWebImage */,
				387F50DE1607A1A8004746E4 /* ODRefreshControl */,
				38DD132516071515001F600C /* Supporting Files */,
			);
			path = AFFeedsReader;
			sourceTree = "<group>";
		};
		38DD132516071515001F600C /* Supporting Files */ = {
			isa = PBXGroup;
			children = (
				3875701C1608991F002D0CD0 /* placeholder.png */,
				38DD132616071515001F600C /* AFFeedsReader-Info.plist */,
				38DD132716071515001F600C /* InfoPlist.strings */,
				38DD132A16071515001F600C /* main.m */,
				38DD132C16071515001F600C /* AFFeedsReader-Prefix.pch */,
			);
			name = "Supporting Files";
			sourceTree = "<group>";
		};
		38DD134216071516001F600C /* AFFeedsReaderTests */ = {
			isa = PBXGroup;
			children = (
				38DD134816071516001F600C /* AFFeedsReaderTests.h */,
				38DD134916071516001F600C /* AFFeedsReaderTests.m */,
				38DD134316071516001F600C /* Supporting Files */,
			);
			path = AFFeedsReaderTests;
			sourceTree = "<group>";
		};
		38DD134316071516001F600C /* Supporting Files */ = {
			isa = PBXGroup;
			children = (
				38DD134416071516001F600C /* AFFeedsReaderTests-Info.plist */,
				38DD134516071516001F600C /* InfoPlist.strings */,
			);
			name = "Supporting Files";
			sourceTree = "<group>";
		};
		6B229B231623EAD90070CE8F /* HTMLParsing */ = {
			isa = PBXGroup;
			children = (
				6B229B1D1623EAD70070CE8F /* HTMLNode.h */,
				6B229B1E1623EAD70070CE8F /* HTMLNode.m */,
				6B229B1F1623EAD70070CE8F /* HTMLParser.h */,
				6B229B201623EAD70070CE8F /* HTMLParser.m */,
			);
			name = HTMLParsing;
			sourceTree = "<group>";
		};
/* End PBXGroup section */

/* Begin PBXNativeTarget section */
		38DD131916071515001F600C /* AFFeedsReader */ = {
			isa = PBXNativeTarget;
			buildConfigurationList = 38DD134D16071516001F600C /* Build configuration list for PBXNativeTarget "AFFeedsReader" */;
			buildPhases = (
				38DD131616071515001F600C /* Sources */,
				38DD131716071515001F600C /* Frameworks */,
				38DD131816071515001F600C /* Resources */,
			);
			buildRules = (
			);
			dependencies = (
			);
			name = AFFeedsReader;
			productName = AFFeedsReader;
			productReference = 38DD131A16071515001F600C /* AFFeedsReader.app */;
			productType = "com.apple.product-type.application";
		};
		38DD133A16071516001F600C /* AFFeedsReaderTests */ = {
			isa = PBXNativeTarget;
			buildConfigurationList = 38DD135016071516001F600C /* Build configuration list for PBXNativeTarget "AFFeedsReaderTests" */;
			buildPhases = (
				38DD133616071516001F600C /* Sources */,
				38DD133716071516001F600C /* Frameworks */,
				38DD133816071516001F600C /* Resources */,
				38DD133916071516001F600C /* ShellScript */,
			);
			buildRules = (
			);
			dependencies = (
				38DD134116071516001F600C /* PBXTargetDependency */,
			);
			name = AFFeedsReaderTests;
			productName = AFFeedsReaderTests;
			productReference = 38DD133B16071516001F600C /* AFFeedsReaderTests.octest */;
			productType = "com.apple.product-type.bundle";
		};
/* End PBXNativeTarget section */

/* Begin PBXProject section */
		38DD131116071515001F600C /* Project object */ = {
			isa = PBXProject;
			attributes = {
				LastUpgradeCheck = 0420;
			};
			buildConfigurationList = 38DD131416071515001F600C /* Build configuration list for PBXProject "AFFeedsReader" */;
			compatibilityVersion = "Xcode 3.2";
			developmentRegion = English;
			hasScannedForEncodings = 0;
			knownRegions = (
				en,
			);
			mainGroup = 38DD130F16071515001F600C;
			productRefGroup = 38DD131B16071515001F600C /* Products */;
			projectDirPath = "";
			projectRoot = "";
			targets = (
				38DD131916071515001F600C /* AFFeedsReader */,
				38DD133A16071516001F600C /* AFFeedsReaderTests */,
			);
		};
/* End PBXProject section */

/* Begin PBXResourcesBuildPhase section */
		38DD131816071515001F600C /* Resources */ = {
			isa = PBXResourcesBuildPhase;
			buildActionMask = 2147483647;
			files = (
				38DD132916071515001F600C /* InfoPlist.strings in Resources */,
				3875701D1608991F002D0CD0 /* placeholder.png in Resources */,
			);
			runOnlyForDeploymentPostprocessing = 0;
		};
		38DD133816071516001F600C /* Resources */ = {
			isa = PBXResourcesBuildPhase;
			buildActionMask = 2147483647;
			files = (
				38DD134716071516001F600C /* InfoPlist.strings in Resources */,
			);
			runOnlyForDeploymentPostprocessing = 0;
		};
/* End PBXResourcesBuildPhase section */

/* Begin PBXShellScriptBuildPhase section */
		38DD133916071516001F600C /* ShellScript */ = {
			isa = PBXShellScriptBuildPhase;
			buildActionMask = 2147483647;
			files = (
			);
			inputPaths = (
			);
			outputPaths = (
			);
			runOnlyForDeploymentPostprocessing = 0;
			shellPath = /bin/sh;
			shellScript = "# Run the unit tests in this test bundle.\n\"${SYSTEM_DEVELOPER_DIR}/Tools/RunUnitTests\"\n";
		};
/* End PBXShellScriptBuildPhase section */

/* Begin PBXSourcesBuildPhase section */
		38DD131616071515001F600C /* Sources */ = {
			isa = PBXSourcesBuildPhase;
			buildActionMask = 2147483647;
			files = (
				38DD132B16071515001F600C /* main.m in Sources */,
				38DD132F16071515001F600C /* AppDelegate.m in Sources */,
				38DD135916071582001F600C /* MainVC.m in Sources */,
				38DD136016071680001F600C /* KMXMLParser.m in Sources */,
				38DD136316071705001F600C /* ReaderVC.m in Sources */,
				387F50AD16078692004746E4 /* MKAnnotationView+WebCache.m in Sources */,
				387F50AE16078692004746E4 /* SDImageCache.m in Sources */,
				387F50AF16078692004746E4 /* SDWebImageDecoder.m in Sources */,
				387F50B016078692004746E4 /* SDWebImageDownloader.m in Sources */,
				387F50B116078692004746E4 /* SDWebImageManager.m in Sources */,
				387F50B216078692004746E4 /* SDWebImagePrefetcher.m in Sources */,
				387F50B316078692004746E4 /* UIButton+WebCache.m in Sources */,
				387F50B416078692004746E4 /* UIImageView+WebCache.m in Sources */,
				387F50E11607A1A8004746E4 /* ODRefreshControl.m in Sources */,
				38CEA017160A5C5A00E9C793 /* MBProgressHUD.m in Sources */,
				6B229B211623EAD70070CE8F /* HTMLNode.m in Sources */,
				6B229B221623EAD70070CE8F /* HTMLParser.m in Sources */,
			);
			runOnlyForDeploymentPostprocessing = 0;
		};
		38DD133616071516001F600C /* Sources */ = {
			isa = PBXSourcesBuildPhase;
			buildActionMask = 2147483647;
			files = (
				38DD134A16071516001F600C /* AFFeedsReaderTests.m in Sources */,
			);
			runOnlyForDeploymentPostprocessing = 0;
		};
/* End PBXSourcesBuildPhase section */

/* Begin PBXTargetDependency section */
		38DD134116071516001F600C /* PBXTargetDependency */ = {
			isa = PBXTargetDependency;
			target = 38DD131916071515001F600C /* AFFeedsReader */;
			targetProxy = 38DD134016071516001F600C /* PBXContainerItemProxy */;
		};
/* End PBXTargetDependency section */

/* Begin PBXVariantGroup section */
		38DD132716071515001F600C /* InfoPlist.strings */ = {
			isa = PBXVariantGroup;
			children = (
				38DD132816071515001F600C /* en */,
			);
			name = InfoPlist.strings;
			sourceTree = "<group>";
		};
		38DD134516071516001F600C /* InfoPlist.strings */ = {
			isa = PBXVariantGroup;
			children = (
				38DD134616071516001F600C /* en */,
			);
			name = InfoPlist.strings;
			sourceTree = "<group>";
		};
/* End PBXVariantGroup section */

/* Begin XCBuildConfiguration section */
		38DD134B16071516001F600C /* Debug */ = {
			isa = XCBuildConfiguration;
			buildSettings = {
				ALWAYS_SEARCH_USER_PATHS = NO;
				ARCHS = "$(ARCHS_STANDARD_32_BIT)";
				CLANG_ENABLE_OBJC_ARC = YES;
				"CODE_SIGN_IDENTITY[sdk=iphoneos*]" = "iPhone Developer";
				COPY_PHASE_STRIP = NO;
				GCC_C_LANGUAGE_STANDARD = gnu99;
				GCC_DYNAMIC_NO_PIC = NO;
				GCC_OPTIMIZATION_LEVEL = 0;
				GCC_PREPROCESSOR_DEFINITIONS = (
					"DEBUG=1",
					"$(inherited)",
				);
				GCC_SYMBOLS_PRIVATE_EXTERN = NO;
				GCC_VERSION = com.apple.compilers.llvm.clang.1_0;
				GCC_WARN_ABOUT_MISSING_PROTOTYPES = YES;
				GCC_WARN_ABOUT_RETURN_TYPE = YES;
				GCC_WARN_UNUSED_VARIABLE = YES;
				IPHONEOS_DEPLOYMENT_TARGET = 5.1;
				SDKROOT = iphoneos;
			};
			name = Debug;
		};
		38DD134C16071516001F600C /* Release */ = {
			isa = XCBuildConfiguration;
			buildSettings = {
				ALWAYS_SEARCH_USER_PATHS = NO;
				ARCHS = "$(ARCHS_STANDARD_32_BIT)";
				CLANG_ENABLE_OBJC_ARC = YES;
				"CODE_SIGN_IDENTITY[sdk=iphoneos*]" = "iPhone Developer";
				COPY_PHASE_STRIP = YES;
				GCC_C_LANGUAGE_STANDARD = gnu99;
				GCC_VERSION = com.apple.compilers.llvm.clang.1_0;
				GCC_WARN_ABOUT_MISSING_PROTOTYPES = YES;
				GCC_WARN_ABOUT_RETURN_TYPE = YES;
				GCC_WARN_UNUSED_VARIABLE = YES;
				IPHONEOS_DEPLOYMENT_TARGET = 5.1;
				OTHER_CFLAGS = "-DNS_BLOCK_ASSERTIONS=1";
				SDKROOT = iphoneos;
				VALIDATE_PRODUCT = YES;
			};
			name = Release;
		};
		38DD134E16071516001F600C /* Debug */ = {
			isa = XCBuildConfiguration;
			buildSettings = {
				GCC_PRECOMPILE_PREFIX_HEADER = YES;
				GCC_PREFIX_HEADER = "AFFeedsReader/AFFeedsReader-Prefix.pch";
				HEADER_SEARCH_PATHS = /usr/include/libxml2;
				INFOPLIST_FILE = "AFFeedsReader/AFFeedsReader-Info.plist";
				PRODUCT_NAME = "$(TARGET_NAME)";
				WRAPPER_EXTENSION = app;
			};
			name = Debug;
		};
		38DD134F16071516001F600C /* Release */ = {
			isa = XCBuildConfiguration;
			buildSettings = {
				GCC_PRECOMPILE_PREFIX_HEADER = YES;
				GCC_PREFIX_HEADER = "AFFeedsReader/AFFeedsReader-Prefix.pch";
				HEADER_SEARCH_PATHS = /usr/include/libxml2;
				INFOPLIST_FILE = "AFFeedsReader/AFFeedsReader-Info.plist";
				PRODUCT_NAME = "$(TARGET_NAME)";
				WRAPPER_EXTENSION = app;
			};
			name = Release;
		};
		38DD135116071516001F600C /* Debug */ = {
			isa = XCBuildConfiguration;
			buildSettings = {
				BUNDLE_LOADER = "$(BUILT_PRODUCTS_DIR)/AFFeedsReader.app/AFFeedsReader";
				FRAMEWORK_SEARCH_PATHS = (
					"$(SDKROOT)/Developer/Library/Frameworks",
					"$(DEVELOPER_LIBRARY_DIR)/Frameworks",
				);
				GCC_PRECOMPILE_PREFIX_HEADER = YES;
				GCC_PREFIX_HEADER = "AFFeedsReader/AFFeedsReader-Prefix.pch";
				INFOPLIST_FILE = "AFFeedsReaderTests/AFFeedsReaderTests-Info.plist";
				PRODUCT_NAME = "$(TARGET_NAME)";
				TEST_HOST = "$(BUNDLE_LOADER)";
				WRAPPER_EXTENSION = octest;
			};
			name = Debug;
		};
		38DD135216071516001F600C /* Release */ = {
			isa = XCBuildConfiguration;
			buildSettings = {
				BUNDLE_LOADER = "$(BUILT_PRODUCTS_DIR)/AFFeedsReader.app/AFFeedsReader";
				FRAMEWORK_SEARCH_PATHS = (
					"$(SDKROOT)/Developer/Library/Frameworks",
					"$(DEVELOPER_LIBRARY_DIR)/Frameworks",
				);
				GCC_PRECOMPILE_PREFIX_HEADER = YES;
				GCC_PREFIX_HEADER = "AFFeedsReader/AFFeedsReader-Prefix.pch";
				INFOPLIST_FILE = "AFFeedsReaderTests/AFFeedsReaderTests-Info.plist";
				PRODUCT_NAME = "$(TARGET_NAME)";
				TEST_HOST = "$(BUNDLE_LOADER)";
				WRAPPER_EXTENSION = octest;
			};
			name = Release;
		};
/* End XCBuildConfiguration section */

/* Begin XCConfigurationList section */
		38DD131416071515001F600C /* Build configuration list for PBXProject "AFFeedsReader" */ = {
			isa = XCConfigurationList;
			buildConfigurations = (
				38DD134B16071516001F600C /* Debug */,
				38DD134C16071516001F600C /* Release */,
			);
			defaultConfigurationIsVisible = 0;
			defaultConfigurationName = Release;
		};
		38DD134D16071516001F600C /* Build configuration list for PBXNativeTarget "AFFeedsReader" */ = {
			isa = XCConfigurationList;
			buildConfigurations = (
				38DD134E16071516001F600C /* Debug */,
				38DD134F16071516001F600C /* Release */,
			);
			defaultConfigurationIsVisible = 0;
			defaultConfigurationName = Release;
		};
		38DD135016071516001F600C /* Build configuration list for PBXNativeTarget "AFFeedsReaderTests" */ = {
			isa = XCConfigurationList;
			buildConfigurations = (
				38DD135116071516001F600C /* Debug */,
				38DD135216071516001F600C /* Release */,
			);
			defaultConfigurationIsVisible = 0;
			defaultConfigurationName = Release;
		};
/* End XCConfigurationList section */
	};
	rootObject = 38DD131116071515001F600C /* Project object */;
}
